// !$*UTF8*$!
{
	archiveVersion = 1;
	classes = {
	};
	objectVersion = 50;
	objects = {

/* Begin PBXBuildFile section */
		2760AFC023672BD400294516 /* AppDelegate.swift in Sources */ = {isa = PBXBuildFile; fileRef = 2760AFBF23672BD400294516 /* AppDelegate.swift */; };
		2760AFC523672BD400294516 /* image_host_client.xcdatamodeld in Sources */ = {isa = PBXBuildFile; fileRef = 2760AFC323672BD400294516 /* image_host_client.xcdatamodeld */; };
		2760AFC723672BDA00294516 /* Assets.xcassets in Resources */ = {isa = PBXBuildFile; fileRef = 2760AFC623672BDA00294516 /* Assets.xcassets */; };
		2760AFCA23672BDA00294516 /* Main.storyboard in Resources */ = {isa = PBXBuildFile; fileRef = 2760AFC823672BDA00294516 /* Main.storyboard */; };
		2760AFD623672BDB00294516 /* image_host_clientTests.swift in Sources */ = {isa = PBXBuildFile; fileRef = 2760AFD523672BDB00294516 /* image_host_clientTests.swift */; };
		2760AFE123672BDB00294516 /* image_host_clientUITests.swift in Sources */ = {isa = PBXBuildFile; fileRef = 2760AFE023672BDB00294516 /* image_host_clientUITests.swift */; };
		278E1DD223672DF90064CE8B /* PrimaryViewController.swift in Sources */ = {isa = PBXBuildFile; fileRef = 278E1DD123672DF90064CE8B /* PrimaryViewController.swift */; };
		278E1DD623672E8A0064CE8B /* ClientModel.swift in Sources */ = {isa = PBXBuildFile; fileRef = 278E1DD523672E8A0064CE8B /* ClientModel.swift */; };
		278E1DD9236733480064CE8B /* Errors.swift in Sources */ = {isa = PBXBuildFile; fileRef = 278E1DD8236733480064CE8B /* Errors.swift */; };
		56AB9C981C303AFDECF13BC0 /* Pods_image_host_clientTests.framework in Frameworks */ = {isa = PBXBuildFile; fileRef = 3CC07833E5934C4FB128DEA7 /* Pods_image_host_clientTests.framework */; };
		A16149CAC45F0A54D60596E2 /* Pods_image_host_client.framework in Frameworks */ = {isa = PBXBuildFile; fileRef = 368ED4AA44EAEAC7980C7C95 /* Pods_image_host_client.framework */; };
		BB9AFDEB7F4270C7D7633E0C /* Pods_image_host_clientUITests.framework in Frameworks */ = {isa = PBXBuildFile; fileRef = C1A2208C27E6AEB54E1BEC23 /* Pods_image_host_clientUITests.framework */; };
/* End PBXBuildFile section */

/* Begin PBXContainerItemProxy section */
		2760AFD223672BDB00294516 /* PBXContainerItemProxy */ = {
			isa = PBXContainerItemProxy;
			containerPortal = 2760AFB423672BD300294516 /* Project object */;
			proxyType = 1;
			remoteGlobalIDString = 2760AFBB23672BD400294516;
			remoteInfo = image_host_client;
		};
		2760AFDD23672BDB00294516 /* PBXContainerItemProxy */ = {
			isa = PBXContainerItemProxy;
			containerPortal = 2760AFB423672BD300294516 /* Project object */;
			proxyType = 1;
			remoteGlobalIDString = 2760AFBB23672BD400294516;
			remoteInfo = image_host_client;
		};
/* End PBXContainerItemProxy section */

/* Begin PBXFileReference section */
		18E632D10594284DBB39BA25 /* Pods-image_host_clientUITests.release.xcconfig */ = {isa = PBXFileReference; includeInIndex = 1; lastKnownFileType = text.xcconfig; name = "Pods-image_host_clientUITests.release.xcconfig"; path = "Target Support Files/Pods-image_host_clientUITests/Pods-image_host_clientUITests.release.xcconfig"; sourceTree = "<group>"; };
		20D51FEEC1D48B849A86B3F6 /* Pods-image_host_clientTests.release.xcconfig */ = {isa = PBXFileReference; includeInIndex = 1; lastKnownFileType = text.xcconfig; name = "Pods-image_host_clientTests.release.xcconfig"; path = "Target Support Files/Pods-image_host_clientTests/Pods-image_host_clientTests.release.xcconfig"; sourceTree = "<group>"; };
		2760AFBC23672BD400294516 /* image_host_client.app */ = {isa = PBXFileReference; explicitFileType = wrapper.application; includeInIndex = 0; path = image_host_client.app; sourceTree = BUILT_PRODUCTS_DIR; };
		2760AFBF23672BD400294516 /* AppDelegate.swift */ = {isa = PBXFileReference; lastKnownFileType = sourcecode.swift; path = AppDelegate.swift; sourceTree = "<group>"; };
		2760AFC423672BD400294516 /* image_host_client.xcdatamodel */ = {isa = PBXFileReference; lastKnownFileType = wrapper.xcdatamodel; path = image_host_client.xcdatamodel; sourceTree = "<group>"; };
		2760AFC623672BDA00294516 /* Assets.xcassets */ = {isa = PBXFileReference; lastKnownFileType = folder.assetcatalog; path = Assets.xcassets; sourceTree = "<group>"; };
		2760AFC923672BDA00294516 /* Base */ = {isa = PBXFileReference; lastKnownFileType = file.storyboard; name = Base; path = Base.lproj/Main.storyboard; sourceTree = "<group>"; };
		2760AFCB23672BDA00294516 /* Info.plist */ = {isa = PBXFileReference; lastKnownFileType = text.plist.xml; path = Info.plist; sourceTree = "<group>"; };
		2760AFCC23672BDA00294516 /* image_host_client.entitlements */ = {isa = PBXFileReference; lastKnownFileType = text.plist.entitlements; path = image_host_client.entitlements; sourceTree = "<group>"; };
		2760AFD123672BDB00294516 /* image_host_clientTests.xctest */ = {isa = PBXFileReference; explicitFileType = wrapper.cfbundle; includeInIndex = 0; path = image_host_clientTests.xctest; sourceTree = BUILT_PRODUCTS_DIR; };
		2760AFD523672BDB00294516 /* image_host_clientTests.swift */ = {isa = PBXFileReference; lastKnownFileType = sourcecode.swift; path = image_host_clientTests.swift; sourceTree = "<group>"; };
		2760AFD723672BDB00294516 /* Info.plist */ = {isa = PBXFileReference; lastKnownFileType = text.plist.xml; path = Info.plist; sourceTree = "<group>"; };
		2760AFDC23672BDB00294516 /* image_host_clientUITests.xctest */ = {isa = PBXFileReference; explicitFileType = wrapper.cfbundle; includeInIndex = 0; path = image_host_clientUITests.xctest; sourceTree = BUILT_PRODUCTS_DIR; };
		2760AFE023672BDB00294516 /* image_host_clientUITests.swift */ = {isa = PBXFileReference; lastKnownFileType = sourcecode.swift; path = image_host_clientUITests.swift; sourceTree = "<group>"; };
		2760AFE223672BDB00294516 /* Info.plist */ = {isa = PBXFileReference; lastKnownFileType = text.plist.xml; path = Info.plist; sourceTree = "<group>"; };
		278E1DD123672DF90064CE8B /* PrimaryViewController.swift */ = {isa = PBXFileReference; fileEncoding = 4; lastKnownFileType = sourcecode.swift; path = PrimaryViewController.swift; sourceTree = "<group>"; };
		278E1DD523672E8A0064CE8B /* ClientModel.swift */ = {isa = PBXFileReference; lastKnownFileType = sourcecode.swift; path = ClientModel.swift; sourceTree = "<group>"; };
		278E1DD8236733480064CE8B /* Errors.swift */ = {isa = PBXFileReference; lastKnownFileType = sourcecode.swift; path = Errors.swift; sourceTree = "<group>"; };
		368ED4AA44EAEAC7980C7C95 /* Pods_image_host_client.framework */ = {isa = PBXFileReference; explicitFileType = wrapper.framework; includeInIndex = 0; path = Pods_image_host_client.framework; sourceTree = BUILT_PRODUCTS_DIR; };
		3C7D2B72BC7C182AE1292F2F /* Pods-image_host_clientUITests.debug.xcconfig */ = {isa = PBXFileReference; includeInIndex = 1; lastKnownFileType = text.xcconfig; name = "Pods-image_host_clientUITests.debug.xcconfig"; path = "Target Support Files/Pods-image_host_clientUITests/Pods-image_host_clientUITests.debug.xcconfig"; sourceTree = "<group>"; };
		3CC07833E5934C4FB128DEA7 /* Pods_image_host_clientTests.framework */ = {isa = PBXFileReference; explicitFileType = wrapper.framework; includeInIndex = 0; path = Pods_image_host_clientTests.framework; sourceTree = BUILT_PRODUCTS_DIR; };
		727AA4F65E250209B9585A2A /* Pods-image_host_client.release.xcconfig */ = {isa = PBXFileReference; includeInIndex = 1; lastKnownFileType = text.xcconfig; name = "Pods-image_host_client.release.xcconfig"; path = "Target Support Files/Pods-image_host_client/Pods-image_host_client.release.xcconfig"; sourceTree = "<group>"; };
		885E08E1077FFD7CBF362819 /* Pods-image_host_client.debug.xcconfig */ = {isa = PBXFileReference; includeInIndex = 1; lastKnownFileType = text.xcconfig; name = "Pods-image_host_client.debug.xcconfig"; path = "Target Support Files/Pods-image_host_client/Pods-image_host_client.debug.xcconfig"; sourceTree = "<group>"; };
		C1A2208C27E6AEB54E1BEC23 /* Pods_image_host_clientUITests.framework */ = {isa = PBXFileReference; explicitFileType = wrapper.framework; includeInIndex = 0; path = Pods_image_host_clientUITests.framework; sourceTree = BUILT_PRODUCTS_DIR; };
		CEEF661331F6BE4AF7080E10 /* Pods-image_host_clientTests.debug.xcconfig */ = {isa = PBXFileReference; includeInIndex = 1; lastKnownFileType = text.xcconfig; name = "Pods-image_host_clientTests.debug.xcconfig"; path = "Target Support Files/Pods-image_host_clientTests/Pods-image_host_clientTests.debug.xcconfig"; sourceTree = "<group>"; };
/* End PBXFileReference section */

/* Begin PBXFrameworksBuildPhase section */
		2760AFB923672BD400294516 /* Frameworks */ = {
			isa = PBXFrameworksBuildPhase;
			buildActionMask = 2147483647;
			files = (
				A16149CAC45F0A54D60596E2 /* Pods_image_host_client.framework in Frameworks */,
			);
			runOnlyForDeploymentPostprocessing = 0;
		};
		2760AFCE23672BDB00294516 /* Frameworks */ = {
			isa = PBXFrameworksBuildPhase;
			buildActionMask = 2147483647;
			files = (
				56AB9C981C303AFDECF13BC0 /* Pods_image_host_clientTests.framework in Frameworks */,
			);
			runOnlyForDeploymentPostprocessing = 0;
		};
		2760AFD923672BDB00294516 /* Frameworks */ = {
			isa = PBXFrameworksBuildPhase;
			buildActionMask = 2147483647;
			files = (
				BB9AFDEB7F4270C7D7633E0C /* Pods_image_host_clientUITests.framework in Frameworks */,
			);
			runOnlyForDeploymentPostprocessing = 0;
		};
/* End PBXFrameworksBuildPhase section */

/* Begin PBXGroup section */
		2760AFB323672BD300294516 = {
			isa = PBXGroup;
			children = (
				2760AFBE23672BD400294516 /* image_host_client */,
				2760AFD423672BDB00294516 /* image_host_clientTests */,
				2760AFDF23672BDB00294516 /* image_host_clientUITests */,
				2760AFBD23672BD400294516 /* Products */,
				D8BCEF4F4F02850269DFAF2F /* Pods */,
				4F876E923F71BBE79353D228 /* Frameworks */,
			);
			sourceTree = "<group>";
		};
		2760AFBD23672BD400294516 /* Products */ = {
			isa = PBXGroup;
			children = (
				2760AFBC23672BD400294516 /* image_host_client.app */,
				2760AFD123672BDB00294516 /* image_host_clientTests.xctest */,
				2760AFDC23672BDB00294516 /* image_host_clientUITests.xctest */,
			);
			name = Products;
			sourceTree = "<group>";
		};
		2760AFBE23672BD400294516 /* image_host_client */ = {
			isa = PBXGroup;
			children = (
				2760AFBF23672BD400294516 /* AppDelegate.swift */,
				2760AFC823672BDA00294516 /* Main.storyboard */,
				278E1DD123672DF90064CE8B /* PrimaryViewController.swift */,
				278E1DD7236733310064CE8B /* Model */,
				2760AFC623672BDA00294516 /* Assets.xcassets */,
				2760AFCB23672BDA00294516 /* Info.plist */,
				2760AFCC23672BDA00294516 /* image_host_client.entitlements */,
				2760AFC323672BD400294516 /* image_host_client.xcdatamodeld */,
			);
			path = image_host_client;
			sourceTree = "<group>";
		};
		2760AFD423672BDB00294516 /* image_host_clientTests */ = {
			isa = PBXGroup;
			children = (
				2760AFD523672BDB00294516 /* image_host_clientTests.swift */,
				2760AFD723672BDB00294516 /* Info.plist */,
			);
			path = image_host_clientTests;
			sourceTree = "<group>";
		};
		2760AFDF23672BDB00294516 /* image_host_clientUITests */ = {
			isa = PBXGroup;
			children = (
				2760AFE023672BDB00294516 /* image_host_clientUITests.swift */,
				2760AFE223672BDB00294516 /* Info.plist */,
			);
			path = image_host_clientUITests;
			sourceTree = "<group>";
		};
		278E1DD7236733310064CE8B /* Model */ = {
			isa = PBXGroup;
			children = (
				278E1DD523672E8A0064CE8B /* ClientModel.swift */,
				278E1DD8236733480064CE8B /* Errors.swift */,
			);
			path = Model;
			sourceTree = "<group>";
		};
		4F876E923F71BBE79353D228 /* Frameworks */ = {
			isa = PBXGroup;
			children = (
				368ED4AA44EAEAC7980C7C95 /* Pods_image_host_client.framework */,
				3CC07833E5934C4FB128DEA7 /* Pods_image_host_clientTests.framework */,
				C1A2208C27E6AEB54E1BEC23 /* Pods_image_host_clientUITests.framework */,
			);
			name = Frameworks;
			sourceTree = "<group>";
		};
		D8BCEF4F4F02850269DFAF2F /* Pods */ = {
			isa = PBXGroup;
			children = (
				885E08E1077FFD7CBF362819 /* Pods-image_host_client.debug.xcconfig */,
				727AA4F65E250209B9585A2A /* Pods-image_host_client.release.xcconfig */,
				CEEF661331F6BE4AF7080E10 /* Pods-image_host_clientTests.debug.xcconfig */,
				20D51FEEC1D48B849A86B3F6 /* Pods-image_host_clientTests.release.xcconfig */,
				3C7D2B72BC7C182AE1292F2F /* Pods-image_host_clientUITests.debug.xcconfig */,
				18E632D10594284DBB39BA25 /* Pods-image_host_clientUITests.release.xcconfig */,
			);
			path = Pods;
			sourceTree = "<group>";
		};
/* End PBXGroup section */

/* Begin PBXNativeTarget section */
		2760AFBB23672BD400294516 /* image_host_client */ = {
			isa = PBXNativeTarget;
			buildConfigurationList = 2760AFE523672BDB00294516 /* Build configuration list for PBXNativeTarget "image_host_client" */;
			buildPhases = (
				CCB62373B86707A2AF0A1FCB /* [CP] Check Pods Manifest.lock */,
				2760AFB823672BD400294516 /* Sources */,
				2760AFB923672BD400294516 /* Frameworks */,
				2760AFBA23672BD400294516 /* Resources */,
				3765B40859C81E38478A1D61 /* [CP] Embed Pods Frameworks */,
			);
			buildRules = (
			);
			dependencies = (
			);
			name = image_host_client;
			productName = image_host_client;
			productReference = 2760AFBC23672BD400294516 /* image_host_client.app */;
			productType = "com.apple.product-type.application";
		};
		2760AFD023672BDB00294516 /* image_host_clientTests */ = {
			isa = PBXNativeTarget;
			buildConfigurationList = 2760AFE823672BDB00294516 /* Build configuration list for PBXNativeTarget "image_host_clientTests" */;
			buildPhases = (
				8AF3D58760250B500972FCFD /* [CP] Check Pods Manifest.lock */,
				2760AFCD23672BDB00294516 /* Sources */,
				2760AFCE23672BDB00294516 /* Frameworks */,
				2760AFCF23672BDB00294516 /* Resources */,
			);
			buildRules = (
			);
			dependencies = (
				2760AFD323672BDB00294516 /* PBXTargetDependency */,
			);
			name = image_host_clientTests;
			productName = image_host_clientTests;
			productReference = 2760AFD123672BDB00294516 /* image_host_clientTests.xctest */;
			productType = "com.apple.product-type.bundle.unit-test";
		};
		2760AFDB23672BDB00294516 /* image_host_clientUITests */ = {
			isa = PBXNativeTarget;
			buildConfigurationList = 2760AFEB23672BDB00294516 /* Build configuration list for PBXNativeTarget "image_host_clientUITests" */;
			buildPhases = (
				300137E75CD484B094F85578 /* [CP] Check Pods Manifest.lock */,
				2760AFD823672BDB00294516 /* Sources */,
				2760AFD923672BDB00294516 /* Frameworks */,
				2760AFDA23672BDB00294516 /* Resources */,
			);
			buildRules = (
			);
			dependencies = (
				2760AFDE23672BDB00294516 /* PBXTargetDependency */,
			);
			name = image_host_clientUITests;
			productName = image_host_clientUITests;
			productReference = 2760AFDC23672BDB00294516 /* image_host_clientUITests.xctest */;
			productType = "com.apple.product-type.bundle.ui-testing";
		};
/* End PBXNativeTarget section */

/* Begin PBXProject section */
		2760AFB423672BD300294516 /* Project object */ = {
			isa = PBXProject;
			attributes = {
				LastSwiftUpdateCheck = 1100;
				LastUpgradeCheck = 1100;
				ORGANIZATIONNAME = "李灿晨";
				TargetAttributes = {
					2760AFBB23672BD400294516 = {
						CreatedOnToolsVersion = 11.0;
					};
					2760AFD023672BDB00294516 = {
						CreatedOnToolsVersion = 11.0;
						TestTargetID = 2760AFBB23672BD400294516;
					};
					2760AFDB23672BDB00294516 = {
						CreatedOnToolsVersion = 11.0;
						TestTargetID = 2760AFBB23672BD400294516;
					};
				};
			};
			buildConfigurationList = 2760AFB723672BD300294516 /* Build configuration list for PBXProject "image_host_client" */;
			compatibilityVersion = "Xcode 9.3";
			developmentRegion = en;
			hasScannedForEncodings = 0;
			knownRegions = (
				en,
				Base,
			);
			mainGroup = 2760AFB323672BD300294516;
			productRefGroup = 2760AFBD23672BD400294516 /* Products */;
			projectDirPath = "";
			projectRoot = "";
			targets = (
				2760AFBB23672BD400294516 /* image_host_client */,
				2760AFD023672BDB00294516 /* image_host_clientTests */,
				2760AFDB23672BDB00294516 /* image_host_clientUITests */,
			);
		};
/* End PBXProject section */

/* Begin PBXResourcesBuildPhase section */
		2760AFBA23672BD400294516 /* Resources */ = {
			isa = PBXResourcesBuildPhase;
			buildActionMask = 2147483647;
			files = (
				2760AFC723672BDA00294516 /* Assets.xcassets in Resources */,
				2760AFCA23672BDA00294516 /* Main.storyboard in Resources */,
			);
			runOnlyForDeploymentPostprocessing = 0;
		};
		2760AFCF23672BDB00294516 /* Resources */ = {
			isa = PBXResourcesBuildPhase;
			buildActionMask = 2147483647;
			files = (
			);
			runOnlyForDeploymentPostprocessing = 0;
		};
		2760AFDA23672BDB00294516 /* Resources */ = {
			isa = PBXResourcesBuildPhase;
			buildActionMask = 2147483647;
			files = (
			);
			runOnlyForDeploymentPostprocessing = 0;
		};
/* End PBXResourcesBuildPhase section */

/* Begin PBXShellScriptBuildPhase section */
		300137E75CD484B094F85578 /* [CP] Check Pods Manifest.lock */ = {
			isa = PBXShellScriptBuildPhase;
			buildActionMask = 2147483647;
			files = (
			);
			inputFileListPaths = (
			);
			inputPaths = (
				"${PODS_PODFILE_DIR_PATH}/Podfile.lock",
				"${PODS_ROOT}/Manifest.lock",
			);
			name = "[CP] Check Pods Manifest.lock";
			outputFileListPaths = (
			);
			outputPaths = (
				"$(DERIVED_FILE_DIR)/Pods-image_host_clientUITests-checkManifestLockResult.txt",
			);
			runOnlyForDeploymentPostprocessing = 0;
			shellPath = /bin/sh;
			shellScript = "diff \"${PODS_PODFILE_DIR_PATH}/Podfile.lock\" \"${PODS_ROOT}/Manifest.lock\" > /dev/null\nif [ $? != 0 ] ; then\n    # print error to STDERR\n    echo \"error: The sandbox is not in sync with the Podfile.lock. Run 'pod install' or update your CocoaPods installation.\" >&2\n    exit 1\nfi\n# This output is used by Xcode 'outputs' to avoid re-running this script phase.\necho \"SUCCESS\" > \"${SCRIPT_OUTPUT_FILE_0}\"\n";
			showEnvVarsInLog = 0;
		};
		3765B40859C81E38478A1D61 /* [CP] Embed Pods Frameworks */ = {
			isa = PBXShellScriptBuildPhase;
			buildActionMask = 2147483647;
			files = (
			);
			inputFileListPaths = (
			);
			inputPaths = (
				"${PODS_ROOT}/Target Support Files/Pods-image_host_client/Pods-image_host_client-frameworks.sh",
				"${BUILT_PRODUCTS_DIR}/Alamofire/Alamofire.framework",
			);
			name = "[CP] Embed Pods Frameworks";
			outputFileListPaths = (
			);
			outputPaths = (
				"${TARGET_BUILD_DIR}/${FRAMEWORKS_FOLDER_PATH}/Alamofire.framework",
			);
			runOnlyForDeploymentPostprocessing = 0;
			shellPath = /bin/sh;
			shellScript = "\"${PODS_ROOT}/Target Support Files/Pods-image_host_client/Pods-image_host_client-frameworks.sh\"\n";
			showEnvVarsInLog = 0;
		};
		8AF3D58760250B500972FCFD /* [CP] Check Pods Manifest.lock */ = {
			isa = PBXShellScriptBuildPhase;
			buildActionMask = 2147483647;
			files = (
			);
			inputFileListPaths = (
			);
			inputPaths = (
				"${PODS_PODFILE_DIR_PATH}/Podfile.lock",
				"${PODS_ROOT}/Manifest.lock",
			);
			name = "[CP] Check Pods Manifest.lock";
			outputFileListPaths = (
			);
			outputPaths = (
				"$(DERIVED_FILE_DIR)/Pods-image_host_clientTests-checkManifestLockResult.txt",
			);
			runOnlyForDeploymentPostprocessing = 0;
			shellPath = /bin/sh;
			shellScript = "diff \"${PODS_PODFILE_DIR_PATH}/Podfile.lock\" \"${PODS_ROOT}/Manifest.lock\" > /dev/null\nif [ $? != 0 ] ; then\n    # print error to STDERR\n    echo \"error: The sandbox is not in sync with the Podfile.lock. Run 'pod install' or update your CocoaPods installation.\" >&2\n    exit 1\nfi\n# This output is used by Xcode 'outputs' to avoid re-running this script phase.\necho \"SUCCESS\" > \"${SCRIPT_OUTPUT_FILE_0}\"\n";
			showEnvVarsInLog = 0;
		};
		CCB62373B86707A2AF0A1FCB /* [CP] Check Pods Manifest.lock */ = {
			isa = PBXShellScriptBuildPhase;
			buildActionMask = 2147483647;
			files = (
			);
			inputFileListPaths = (
			);
			inputPaths = (
				"${PODS_PODFILE_DIR_PATH}/Podfile.lock",
				"${PODS_ROOT}/Manifest.lock",
			);
			name = "[CP] Check Pods Manifest.lock";
			outputFileListPaths = (
			);
			outputPaths = (
				"$(DERIVED_FILE_DIR)/Pods-image_host_client-checkManifestLockResult.txt",
			);
			runOnlyForDeploymentPostprocessing = 0;
			shellPath = /bin/sh;
			shellScript = "diff \"${PODS_PODFILE_DIR_PATH}/Podfile.lock\" \"${PODS_ROOT}/Manifest.lock\" > /dev/null\nif [ $? != 0 ] ; then\n    # print error to STDERR\n    echo \"error: The sandbox is not in sync with the Podfile.lock. Run 'pod install' or update your CocoaPods installation.\" >&2\n    exit 1\nfi\n# This output is used by Xcode 'outputs' to avoid re-running this script phase.\necho \"SUCCESS\" > \"${SCRIPT_OUTPUT_FILE_0}\"\n";
			showEnvVarsInLog = 0;
		};
/* End PBXShellScriptBuildPhase section */

/* Begin PBXSourcesBuildPhase section */
		2760AFB823672BD400294516 /* Sources */ = {
			isa = PBXSourcesBuildPhase;
			buildActionMask = 2147483647;
			files = (
				2760AFC523672BD400294516 /* image_host_client.xcdatamodeld in Sources */,
				278E1DD623672E8A0064CE8B /* ClientModel.swift in Sources */,
				278E1DD223672DF90064CE8B /* PrimaryViewController.swift in Sources */,
				278E1DD9236733480064CE8B /* Errors.swift in Sources */,
				2760AFC023672BD400294516 /* AppDelegate.swift in Sources */,
			);
			runOnlyForDeploymentPostprocessing = 0;
		};
		2760AFCD23672BDB00294516 /* Sources */ = {
			isa = PBXSourcesBuildPhase;
			buildActionMask = 2147483647;
			files = (
				2760AFD623672BDB00294516 /* image_host_clientTests.swift in Sources */,
			);
			runOnlyForDeploymentPostprocessing = 0;
		};
		2760AFD823672BDB00294516 /* Sources */ = {
			isa = PBXSourcesBuildPhase;
			buildActionMask = 2147483647;
			files = (
				2760AFE123672BDB00294516 /* image_host_clientUITests.swift in Sources */,
			);
			runOnlyForDeploymentPostprocessing = 0;
		};
/* End PBXSourcesBuildPhase section */

/* Begin PBXTargetDependency section */
		2760AFD323672BDB00294516 /* PBXTargetDependency */ = {
			isa = PBXTargetDependency;
			target = 2760AFBB23672BD400294516 /* image_host_client */;
			targetProxy = 2760AFD223672BDB00294516 /* PBXContainerItemProxy */;
		};
		2760AFDE23672BDB00294516 /* PBXTargetDependency */ = {
			isa = PBXTargetDependency;
			target = 2760AFBB23672BD400294516 /* image_host_client */;
			targetProxy = 2760AFDD23672BDB00294516 /* PBXContainerItemProxy */;
		};
/* End PBXTargetDependency section */

/* Begin PBXVariantGroup section */
		2760AFC823672BDA00294516 /* Main.storyboard */ = {
			isa = PBXVariantGroup;
			children = (
				2760AFC923672BDA00294516 /* Base */,
			);
			name = Main.storyboard;
			sourceTree = "<group>";
		};
/* End PBXVariantGroup section */

/* Begin XCBuildConfiguration section */
		2760AFE323672BDB00294516 /* Debug */ = {
			isa = XCBuildConfiguration;
			buildSettings = {
				ALWAYS_SEARCH_USER_PATHS = NO;
				CLANG_ANALYZER_NONNULL = YES;
				CLANG_ANALYZER_NUMBER_OBJECT_CONVERSION = YES_AGGRESSIVE;
				CLANG_CXX_LANGUAGE_STANDARD = "gnu++14";
				CLANG_CXX_LIBRARY = "libc++";
				CLANG_ENABLE_MODULES = YES;
				CLANG_ENABLE_OBJC_ARC = YES;
				CLANG_ENABLE_OBJC_WEAK = YES;
				CLANG_WARN_BLOCK_CAPTURE_AUTORELEASING = YES;
				CLANG_WARN_BOOL_CONVERSION = YES;
				CLANG_WARN_COMMA = YES;
				CLANG_WARN_CONSTANT_CONVERSION = YES;
				CLANG_WARN_DEPRECATED_OBJC_IMPLEMENTATIONS = YES;
				CLANG_WARN_DIRECT_OBJC_ISA_USAGE = YES_ERROR;
				CLANG_WARN_DOCUMENTATION_COMMENTS = YES;
				CLANG_WARN_EMPTY_BODY = YES;
				CLANG_WARN_ENUM_CONVERSION = YES;
				CLANG_WARN_INFINITE_RECURSION = YES;
				CLANG_WARN_INT_CONVERSION = YES;
				CLANG_WARN_NON_LITERAL_NULL_CONVERSION = YES;
				CLANG_WARN_OBJC_IMPLICIT_RETAIN_SELF = YES;
				CLANG_WARN_OBJC_LITERAL_CONVERSION = YES;
				CLANG_WARN_OBJC_ROOT_CLASS = YES_ERROR;
				CLANG_WARN_RANGE_LOOP_ANALYSIS = YES;
				CLANG_WARN_STRICT_PROTOTYPES = YES;
				CLANG_WARN_SUSPICIOUS_MOVE = YES;
				CLANG_WARN_UNGUARDED_AVAILABILITY = YES_AGGRESSIVE;
				CLANG_WARN_UNREACHABLE_CODE = YES;
				CLANG_WARN__DUPLICATE_METHOD_MATCH = YES;
				COPY_PHASE_STRIP = NO;
				DEBUG_INFORMATION_FORMAT = dwarf;
				ENABLE_STRICT_OBJC_MSGSEND = YES;
				ENABLE_TESTABILITY = YES;
				GCC_C_LANGUAGE_STANDARD = gnu11;
				GCC_DYNAMIC_NO_PIC = NO;
				GCC_NO_COMMON_BLOCKS = YES;
				GCC_OPTIMIZATION_LEVEL = 0;
				GCC_PREPROCESSOR_DEFINITIONS = (
					"DEBUG=1",
					"$(inherited)",
				);
				GCC_WARN_64_TO_32_BIT_CONVERSION = YES;
				GCC_WARN_ABOUT_RETURN_TYPE = YES_ERROR;
				GCC_WARN_UNDECLARED_SELECTOR = YES;
				GCC_WARN_UNINITIALIZED_AUTOS = YES_AGGRESSIVE;
				GCC_WARN_UNUSED_FUNCTION = YES;
				GCC_WARN_UNUSED_VARIABLE = YES;
				MACOSX_DEPLOYMENT_TARGET = 10.15;
				MTL_ENABLE_DEBUG_INFO = INCLUDE_SOURCE;
				MTL_FAST_MATH = YES;
				ONLY_ACTIVE_ARCH = YES;
				SDKROOT = macosx;
				SWIFT_ACTIVE_COMPILATION_CONDITIONS = DEBUG;
				SWIFT_OPTIMIZATION_LEVEL = "-Onone";
			};
			name = Debug;
		};
		2760AFE423672BDB00294516 /* Release */ = {
			isa = XCBuildConfiguration;
			buildSettings = {
				ALWAYS_SEARCH_USER_PATHS = NO;
				CLANG_ANALYZER_NONNULL = YES;
				CLANG_ANALYZER_NUMBER_OBJECT_CONVERSION = YES_AGGRESSIVE;
				CLANG_CXX_LANGUAGE_STANDARD = "gnu++14";
				CLANG_CXX_LIBRARY = "libc++";
				CLANG_ENABLE_MODULES = YES;
				CLANG_ENABLE_OBJC_ARC = YES;
				CLANG_ENABLE_OBJC_WEAK = YES;
				CLANG_WARN_BLOCK_CAPTURE_AUTORELEASING = YES;
				CLANG_WARN_BOOL_CONVERSION = YES;
				CLANG_WARN_COMMA = YES;
				CLANG_WARN_CONSTANT_CONVERSION = YES;
				CLANG_WARN_DEPRECATED_OBJC_IMPLEMENTATIONS = YES;
				CLANG_WARN_DIRECT_OBJC_ISA_USAGE = YES_ERROR;
				CLANG_WARN_DOCUMENTATION_COMMENTS = YES;
				CLANG_WARN_EMPTY_BODY = YES;
				CLANG_WARN_ENUM_CONVERSION = YES;
				CLANG_WARN_INFINITE_RECURSION = YES;
				CLANG_WARN_INT_CONVERSION = YES;
				CLANG_WARN_NON_LITERAL_NULL_CONVERSION = YES;
				CLANG_WARN_OBJC_IMPLICIT_RETAIN_SELF = YES;
				CLANG_WARN_OBJC_LITERAL_CONVERSION = YES;
				CLANG_WARN_OBJC_ROOT_CLASS = YES_ERROR;
				CLANG_WARN_RANGE_LOOP_ANALYSIS = YES;
				CLANG_WARN_STRICT_PROTOTYPES = YES;
				CLANG_WARN_SUSPICIOUS_MOVE = YES;
				CLANG_WARN_UNGUARDED_AVAILABILITY = YES_AGGRESSIVE;
				CLANG_WARN_UNREACHABLE_CODE = YES;
				CLANG_WARN__DUPLICATE_METHOD_MATCH = YES;
				COPY_PHASE_STRIP = NO;
				DEBUG_INFORMATION_FORMAT = "dwarf-with-dsym";
				ENABLE_NS_ASSERTIONS = NO;
				ENABLE_STRICT_OBJC_MSGSEND = YES;
				GCC_C_LANGUAGE_STANDARD = gnu11;
				GCC_NO_COMMON_BLOCKS = YES;
				GCC_WARN_64_TO_32_BIT_CONVERSION = YES;
				GCC_WARN_ABOUT_RETURN_TYPE = YES_ERROR;
				GCC_WARN_UNDECLARED_SELECTOR = YES;
				GCC_WARN_UNINITIALIZED_AUTOS = YES_AGGRESSIVE;
				GCC_WARN_UNUSED_FUNCTION = YES;
				GCC_WARN_UNUSED_VARIABLE = YES;
				MACOSX_DEPLOYMENT_TARGET = 10.15;
				MTL_ENABLE_DEBUG_INFO = NO;
				MTL_FAST_MATH = YES;
				SDKROOT = macosx;
				SWIFT_COMPILATION_MODE = wholemodule;
				SWIFT_OPTIMIZATION_LEVEL = "-O";
			};
			name = Release;
		};
		2760AFE623672BDB00294516 /* Debug */ = {
			isa = XCBuildConfiguration;
			baseConfigurationReference = 885E08E1077FFD7CBF362819 /* Pods-image_host_client.debug.xcconfig */;
			buildSettings = {
				ASSETCATALOG_COMPILER_APPICON_NAME = AppIcon;
				CODE_SIGN_ENTITLEMENTS = image_host_client/image_host_client.entitlements;
				CODE_SIGN_IDENTITY = "Apple Development";
				CODE_SIGN_STYLE = Automatic;
				COMBINE_HIDPI_IMAGES = YES;
				DEVELOPMENT_TEAM = 4C47ZVS5JD;
				ENABLE_HARDENED_RUNTIME = YES;
				INFOPLIST_FILE = image_host_client/Info.plist;
				LD_RUNPATH_SEARCH_PATHS = (
					"$(inherited)",
					"@executable_path/../Frameworks",
				);
				PRODUCT_BUNDLE_IDENTIFIER = "com.Frost.image-host-client";
				PRODUCT_NAME = "$(TARGET_NAME)";
				SWIFT_VERSION = 5.0;
			};
			name = Debug;
		};
		2760AFE723672BDB00294516 /* Release */ = {
			isa = XCBuildConfiguration;
			baseConfigurationReference = 727AA4F65E250209B9585A2A /* Pods-image_host_client.release.xcconfig */;
			buildSettings = {
				ASSETCATALOG_COMPILER_APPICON_NAME = AppIcon;
				CODE_SIGN_ENTITLEMENTS = image_host_client/image_host_client.entitlements;
				CODE_SIGN_IDENTITY = "Apple Development";
				CODE_SIGN_STYLE = Automatic;
				COMBINE_HIDPI_IMAGES = YES;
				DEVELOPMENT_TEAM = 4C47ZVS5JD;
				ENABLE_HARDENED_RUNTIME = YES;
				INFOPLIST_FILE = image_host_client/Info.plist;
				LD_RUNPATH_SEARCH_PATHS = (
					"$(inherited)",
					"@executable_path/../Frameworks",
				);
				PRODUCT_BUNDLE_IDENTIFIER = "com.Frost.image-host-client";
				PRODUCT_NAME = "$(TARGET_NAME)";
				SWIFT_VERSION = 5.0;
			};
			name = Release;
		};
		2760AFE923672BDB00294516 /* Debug */ = {
			isa = XCBuildConfiguration;
			baseConfigurationReference = CEEF661331F6BE4AF7080E10 /* Pods-image_host_clientTests.debug.xcconfig */;
			buildSettings = {
				ALWAYS_EMBED_SWIFT_STANDARD_LIBRARIES = YES;
				BUNDLE_LOADER = "$(TEST_HOST)";
				CODE_SIGN_STYLE = Automatic;
				COMBINE_HIDPI_IMAGES = YES;
				DEVELOPMENT_TEAM = 4C47ZVS5JD;
				INFOPLIST_FILE = image_host_clientTests/Info.plist;
				LD_RUNPATH_SEARCH_PATHS = (
					"$(inherited)",
					"@executable_path/../Frameworks",
					"@loader_path/../Frameworks",
				);
				MACOSX_DEPLOYMENT_TARGET = 10.15;
				PRODUCT_BUNDLE_IDENTIFIER = "com.Frost.image-host-clientTests";
				PRODUCT_NAME = "$(TARGET_NAME)";
				SWIFT_VERSION = 5.0;
				TEST_HOST = "$(BUILT_PRODUCTS_DIR)/image_host_client.app/Contents/MacOS/image_host_client";
			};
			name = Debug;
		};
		2760AFEA23672BDB00294516 /* Release */ = {
			isa = XCBuildConfiguration;
			baseConfigurationReference = 20D51FEEC1D48B849A86B3F6 /* Pods-image_host_clientTests.release.xcconfig */;
			buildSettings = {
				ALWAYS_EMBED_SWIFT_STANDARD_LIBRARIES = YES;
				BUNDLE_LOADER = "$(TEST_HOST)";
				CODE_SIGN_STYLE = Automatic;
				COMBINE_HIDPI_IMAGES = YES;
				DEVELOPMENT_TEAM = 4C47ZVS5JD;
				INFOPLIST_FILE = image_host_clientTests/Info.plist;
				LD_RUNPATH_SEARCH_PATHS = (
					"$(inherited)",
					"@executable_path/../Frameworks",
					"@loader_path/../Frameworks",
				);
				MACOSX_DEPLOYMENT_TARGET = 10.15;
				PRODUCT_BUNDLE_IDENTIFIER = "com.Frost.image-host-clientTests";
				PRODUCT_NAME = "$(TARGET_NAME)";
				SWIFT_VERSION = 5.0;
				TEST_HOST = "$(BUILT_PRODUCTS_DIR)/image_host_client.app/Contents/MacOS/image_host_client";
			};
			name = Release;
		};
		2760AFEC23672BDB00294516 /* Debug */ = {
			isa = XCBuildConfiguration;
			baseConfigurationReference = 3C7D2B72BC7C182AE1292F2F /* Pods-image_host_clientUITests.debug.xcconfig */;
			buildSettings = {
				ALWAYS_EMBED_SWIFT_STANDARD_LIBRARIES = YES;
				CODE_SIGN_STYLE = Automatic;
				COMBINE_HIDPI_IMAGES = YES;
				DEVELOPMENT_TEAM = 4C47ZVS5JD;
				INFOPLIST_FILE = image_host_clientUITests/Info.plist;
				LD_RUNPATH_SEARCH_PATHS = (
					"$(inherited)",
					"@executable_path/../Frameworks",
					"@loader_path/../Frameworks",
				);
				PRODUCT_BUNDLE_IDENTIFIER = "com.Frost.image-host-clientUITests";
				PRODUCT_NAME = "$(TARGET_NAME)";
				SWIFT_VERSION = 5.0;
				TEST_TARGET_NAME = image_host_client;
			};
			name = Debug;
		};
		2760AFED23672BDB00294516 /* Release */ = {
			isa = XCBuildConfiguration;
			baseConfigurationReference = 18E632D10594284DBB39BA25 /* Pods-image_host_clientUITests.release.xcconfig */;
			buildSettings = {
				ALWAYS_EMBED_SWIFT_STANDARD_LIBRARIES = YES;
				CODE_SIGN_STYLE = Automatic;
				COMBINE_HIDPI_IMAGES = YES;
				DEVELOPMENT_TEAM = 4C47ZVS5JD;
				INFOPLIST_FILE = image_host_clientUITests/Info.plist;
				LD_RUNPATH_SEARCH_PATHS = (
					"$(inherited)",
					"@executable_path/../Frameworks",
					"@loader_path/../Frameworks",
				);
				PRODUCT_BUNDLE_IDENTIFIER = "com.Frost.image-host-clientUITests";
				PRODUCT_NAME = "$(TARGET_NAME)";
				SWIFT_VERSION = 5.0;
				TEST_TARGET_NAME = image_host_client;
			};
			name = Release;
		};
/* End XCBuildConfiguration section */

/* Begin XCConfigurationList section */
		2760AFB723672BD300294516 /* Build configuration list for PBXProject "image_host_client" */ = {
			isa = XCConfigurationList;
			buildConfigurations = (
				2760AFE323672BDB00294516 /* Debug */,
				2760AFE423672BDB00294516 /* Release */,
			);
			defaultConfigurationIsVisible = 0;
			defaultConfigurationName = Release;
		};
		2760AFE523672BDB00294516 /* Build configuration list for PBXNativeTarget "image_host_client" */ = {
			isa = XCConfigurationList;
			buildConfigurations = (
				2760AFE623672BDB00294516 /* Debug */,
				2760AFE723672BDB00294516 /* Release */,
			);
			defaultConfigurationIsVisible = 0;
			defaultConfigurationName = Release;
		};
		2760AFE823672BDB00294516 /* Build configuration list for PBXNativeTarget "image_host_clientTests" */ = {
			isa = XCConfigurationList;
			buildConfigurations = (
				2760AFE923672BDB00294516 /* Debug */,
				2760AFEA23672BDB00294516 /* Release */,
			);
			defaultConfigurationIsVisible = 0;
			defaultConfigurationName = Release;
		};
		2760AFEB23672BDB00294516 /* Build configuration list for PBXNativeTarget "image_host_clientUITests" */ = {
			isa = XCConfigurationList;
			buildConfigurations = (
				2760AFEC23672BDB00294516 /* Debug */,
				2760AFED23672BDB00294516 /* Release */,
			);
			defaultConfigurationIsVisible = 0;
			defaultConfigurationName = Release;
		};
/* End XCConfigurationList section */

/* Begin XCVersionGroup section */
		2760AFC323672BD400294516 /* image_host_client.xcdatamodeld */ = {
			isa = XCVersionGroup;
			children = (
				2760AFC423672BD400294516 /* image_host_client.xcdatamodel */,
			);
			currentVersion = 2760AFC423672BD400294516 /* image_host_client.xcdatamodel */;
			path = image_host_client.xcdatamodeld;
			sourceTree = "<group>";
			versionGroupType = wrapper.xcdatamodel;
		};
/* End XCVersionGroup section */
	};
	rootObject = 2760AFB423672BD300294516 /* Project object */;
}
